
Microsoft Visual Studio Solution File, Format Version 12.00
# Visual Studio Version 17
VisualStudioVersion = 17.8.34525.116
MinimumVisualStudioVersion = 10.0.40219.1
Project("{FAE04EC0-301F-11D3-BF4B-00C04F79EFBC}") = "12", "12\12.csproj", "{E46D85C4-CB02-4473-B6A9-D5B0A334321B}"
EndProject
Global
	GlobalSection(SolutionConfigurationPlatforms) = preSolution
		Debug|Any CPU = Debug|Any CPU
		Release|Any CPU = Release|Any CPU
	EndGlobalSection
	GlobalSection(ProjectConfigurationPlatforms) = postSolution
		{E46D85C4-CB02-4473-B6A9-D5B0A334321B}.Debug|Any CPU.ActiveCfg = Debug|Any CPU
		{E46D85C4-CB02-4473-B6A9-D5B0A334321B}.Debug|Any CPU.Build.0 = Debug|Any CPU
		{E46D85C4-CB02-4473-B6A9-D5B0A334321B}.Release|Any CPU.ActiveCfg = Release|Any CPU
		{E46D85C4-CB02-4473-B6A9-D5B0A334321B}.Release|Any CPU.Build.0 = Release|Any CPU
	EndGlobalSection
	GlobalSection(SolutionProperties) = preSolution
		HideSolutionNode = FALSE
	EndGlobalSection
	GlobalSection(ExtensibilityGlobals) = postSolution
		SolutionGuid = {39327981-CBAB-4593-978B-39AEC7E91DEF}
	EndGlobalSection
EndGlobal
